
Microsoft Visual Studio Solution File, Format Version 12.00
# Visual Studio 2013
VisualStudioVersion = 12.0.21005.1
MinimumVisualStudioVersion = 10.0.40219.1
Project("{FAE04EC0-301F-11D3-BF4B-00C04F79EFBC}") = "01. SumOf3Numbers", "SumOf3Numbers\01. SumOf3Numbers.csproj", "{5F192223-9599-4F91-BE2B-F234577AC0BB}"
EndProject
Project("{FAE04EC0-301F-11D3-BF4B-00C04F79EFBC}") = "02. PrintCompanyInformation", "PrintCompanyInformation\02. PrintCompanyInformation.csproj", "{B84A8A1E-514A-4416-B79F-8A8ADC8DE0AE}"
EndProject
Project("{FAE04EC0-301F-11D3-BF4B-00C04F79EFBC}") = "03. CirclePerimeterAndArea", "CirclePerimeterAndArea\03. CirclePerimeterAndArea.csproj", "{6C3D655D-E7E5-4062-B995-DF30625E9399}"
EndProject
Project("{FAE04EC0-301F-11D3-BF4B-00C04F79EFBC}") = "04. NumberComparer", "NumberComparer\04. NumberComparer.csproj", "{FA133ECF-19A4-453D-BF5C-B4493A5991A2}"
EndProject
Project("{FAE04EC0-301F-11D3-BF4B-00C04F79EFBC}") = "05. FormattingNumbers", "FormattingNumbers\05. FormattingNumbers.csproj", "{53CFDC4B-97E3-4C3B-975C-6BFFCC67C028}"
EndProject
Project("{FAE04EC0-301F-11D3-BF4B-00C04F79EFBC}") = "06. QuadraticEquation", "QuadraticEquation\06. QuadraticEquation.csproj", "{394BBBE2-15BD-4459-A7BE-9E1BC088802F}"
EndProject
Project("{FAE04EC0-301F-11D3-BF4B-00C04F79EFBC}") = "07. SumOf5Numbers", "SumOf5Numbers\07. SumOf5Numbers.csproj", "{4DCE0744-5AB7-42E1-90BD-1738945EEAAF}"
EndProject
Project("{FAE04EC0-301F-11D3-BF4B-00C04F79EFBC}") = "08. NumbersFrom1ToN", "NumbersFrom1ToN\08. NumbersFrom1ToN.csproj", "{2EFC075C-E26A-4E00-8E29-8220A078CE87}"
EndProject
Project("{FAE04EC0-301F-11D3-BF4B-00C04F79EFBC}") = "09. SumOfNNumbers", "SumOfNNumbers\09. SumOfNNumbers.csproj", "{1A898C9C-138A-4029-BEAA-3F96C1BC6BAE}"
EndProject
Project("{FAE04EC0-301F-11D3-BF4B-00C04F79EFBC}") = "10. FibonacciNumbers", "FibonacciNumbers\10. FibonacciNumbers.csproj", "{EE2AACBC-D4E1-4C84-9700-CFC8B9B0448A}"
EndProject
Project("{FAE04EC0-301F-11D3-BF4B-00C04F79EFBC}") = "11. NumbersInInterval", "NumbersInInterval\11. NumbersInInterval.csproj", "{43D2FE95-F9F3-49B0-8451-475D0C8B47F6}"
EndProject
Global
	GlobalSection(SolutionConfigurationPlatforms) = preSolution
		Debug|Any CPU = Debug|Any CPU
		Release|Any CPU = Release|Any CPU
	EndGlobalSection
	GlobalSection(ProjectConfigurationPlatforms) = postSolution
		{5F192223-9599-4F91-BE2B-F234577AC0BB}.Debug|Any CPU.ActiveCfg = Debug|Any CPU
		{5F192223-9599-4F91-BE2B-F234577AC0BB}.Debug|Any CPU.Build.0 = Debug|Any CPU
		{5F192223-9599-4F91-BE2B-F234577AC0BB}.Release|Any CPU.ActiveCfg = Release|Any CPU
		{5F192223-9599-4F91-BE2B-F234577AC0BB}.Release|Any CPU.Build.0 = Release|Any CPU
		{B84A8A1E-514A-4416-B79F-8A8ADC8DE0AE}.Debug|Any CPU.ActiveCfg = Debug|Any CPU
		{B84A8A1E-514A-4416-B79F-8A8ADC8DE0AE}.Debug|Any CPU.Build.0 = Debug|Any CPU
		{B84A8A1E-514A-4416-B79F-8A8ADC8DE0AE}.Release|Any CPU.ActiveCfg = Release|Any CPU
		{B84A8A1E-514A-4416-B79F-8A8ADC8DE0AE}.Release|Any CPU.Build.0 = Release|Any CPU
		{6C3D655D-E7E5-4062-B995-DF30625E9399}.Debug|Any CPU.ActiveCfg = Debug|Any CPU
		{6C3D655D-E7E5-4062-B995-DF30625E9399}.Debug|Any CPU.Build.0 = Debug|Any CPU
		{6C3D655D-E7E5-4062-B995-DF30625E9399}.Release|Any CPU.ActiveCfg = Release|Any CPU
		{6C3D655D-E7E5-4062-B995-DF30625E9399}.Release|Any CPU.Build.0 = Release|Any CPU
		{FA133ECF-19A4-453D-BF5C-B4493A5991A2}.Debug|Any CPU.ActiveCfg = Debug|Any CPU
		{FA133ECF-19A4-453D-BF5C-B4493A5991A2}.Debug|Any CPU.Build.0 = Debug|Any CPU
		{FA133ECF-19A4-453D-BF5C-B4493A5991A2}.Release|Any CPU.ActiveCfg = Release|Any CPU
		{FA133ECF-19A4-453D-BF5C-B4493A5991A2}.Release|Any CPU.Build.0 = Release|Any CPU
		{53CFDC4B-97E3-4C3B-975C-6BFFCC67C028}.Debug|Any CPU.ActiveCfg = Debug|Any CPU
		{53CFDC4B-97E3-4C3B-975C-6BFFCC67C028}.Debug|Any CPU.Build.0 = Debug|Any CPU
		{53CFDC4B-97E3-4C3B-975C-6BFFCC67C028}.Release|Any CPU.ActiveCfg = Release|Any CPU
		{53CFDC4B-97E3-4C3B-975C-6BFFCC67C028}.Release|Any CPU.Build.0 = Release|Any CPU
		{394BBBE2-15BD-4459-A7BE-9E1BC088802F}.Debug|Any CPU.ActiveCfg = Debug|Any CPU
		{394BBBE2-15BD-4459-A7BE-9E1BC088802F}.Debug|Any CPU.Build.0 = Debug|Any CPU
		{394BBBE2-15BD-4459-A7BE-9E1BC088802F}.Release|Any CPU.ActiveCfg = Release|Any CPU
		{394BBBE2-15BD-4459-A7BE-9E1BC088802F}.Release|Any CPU.Build.0 = Release|Any CPU
		{4DCE0744-5AB7-42E1-90BD-1738945EEAAF}.Debug|Any CPU.ActiveCfg = Debug|Any CPU
		{4DCE0744-5AB7-42E1-90BD-1738945EEAAF}.Debug|Any CPU.Build.0 = Debug|Any CPU
		{4DCE0744-5AB7-42E1-90BD-1738945EEAAF}.Release|Any CPU.ActiveCfg = Release|Any CPU
		{4DCE0744-5AB7-42E1-90BD-1738945EEAAF}.Release|Any CPU.Build.0 = Release|Any CPU
		{2EFC075C-E26A-4E00-8E29-8220A078CE87}.Debug|Any CPU.ActiveCfg = Debug|Any CPU
		{2EFC075C-E26A-4E00-8E29-8220A078CE87}.Debug|Any CPU.Build.0 = Debug|Any CPU
		{2EFC075C-E26A-4E00-8E29-8220A078CE87}.Release|Any CPU.ActiveCfg = Release|Any CPU
		{2EFC075C-E26A-4E00-8E29-8220A078CE87}.Release|Any CPU.Build.0 = Release|Any CPU
		{1A898C9C-138A-4029-BEAA-3F96C1BC6BAE}.Debug|Any CPU.ActiveCfg = Debug|Any CPU
		{1A898C9C-138A-4029-BEAA-3F96C1BC6BAE}.Debug|Any CPU.Build.0 = Debug|Any CPU
		{1A898C9C-138A-4029-BEAA-3F96C1BC6BAE}.Release|Any CPU.ActiveCfg = Release|Any CPU
		{1A898C9C-138A-4029-BEAA-3F96C1BC6BAE}.Release|Any CPU.Build.0 = Release|Any CPU
		{EE2AACBC-D4E1-4C84-9700-CFC8B9B0448A}.Debug|Any CPU.ActiveCfg = Debug|Any CPU
		{EE2AACBC-D4E1-4C84-9700-CFC8B9B0448A}.Debug|Any CPU.Build.0 = Debug|Any CPU
		{EE2AACBC-D4E1-4C84-9700-CFC8B9B0448A}.Release|Any CPU.ActiveCfg = Release|Any CPU
		{EE2AACBC-D4E1-4C84-9700-CFC8B9B0448A}.Release|Any CPU.Build.0 = Release|Any CPU
		{43D2FE95-F9F3-49B0-8451-475D0C8B47F6}.Debug|Any CPU.ActiveCfg = Debug|Any CPU
		{43D2FE95-F9F3-49B0-8451-475D0C8B47F6}.Debug|Any CPU.Build.0 = Debug|Any CPU
		{43D2FE95-F9F3-49B0-8451-475D0C8B47F6}.Release|Any CPU.ActiveCfg = Release|Any CPU
		{43D2FE95-F9F3-49B0-8451-475D0C8B47F6}.Release|Any CPU.Build.0 = Release|Any CPU
	EndGlobalSection
	GlobalSection(SolutionProperties) = preSolution
		HideSolutionNode = FALSE
	EndGlobalSection
EndGlobal
